// !$*UTF8*$!
{
	archiveVersion = 1;
	classes = {
	};
	objectVersion = 46;
	objects = {

/* Begin PBXBuildFile section */
		D3F61232B60189817C2DE386 /* libPods.a in Frameworks */ = {isa = PBXBuildFile; fileRef = A889FE228C3E438148EC78DE /* libPods.a */; };
		EA2083A71CAB752700434DFF /* YUMovingContentOCUITests.m in Sources */ = {isa = PBXBuildFile; fileRef = EA2083A61CAB752700434DFF /* YUMovingContentOCUITests.m */; };
		EA59C18E1CF456D200BA19D1 /* YUViewController.m in Sources */ = {isa = PBXBuildFile; fileRef = EA59C18D1CF456D200BA19D1 /* YUViewController.m */; };
		EAB8B8BF1C605FB300CCB0E4 /* main.m in Sources */ = {isa = PBXBuildFile; fileRef = EAB8B8BE1C605FB300CCB0E4 /* main.m */; };
		EAB8B8C21C605FB300CCB0E4 /* AppDelegate.m in Sources */ = {isa = PBXBuildFile; fileRef = EAB8B8C11C605FB300CCB0E4 /* AppDelegate.m */; };
		EAB8B8C81C605FB300CCB0E4 /* Main.storyboard in Resources */ = {isa = PBXBuildFile; fileRef = EAB8B8C61C605FB300CCB0E4 /* Main.storyboard */; };
		EAB8B8CA1C605FB300CCB0E4 /* Assets.xcassets in Resources */ = {isa = PBXBuildFile; fileRef = EAB8B8C91C605FB300CCB0E4 /* Assets.xcassets */; };
		EAB8B8CD1C605FB300CCB0E4 /* LaunchScreen.storyboard in Resources */ = {isa = PBXBuildFile; fileRef = EAB8B8CB1C605FB300CCB0E4 /* LaunchScreen.storyboard */; };
		EAB8B8E51C60626A00CCB0E4 /* FDStackView+YUIndex.m in Sources */ = {isa = PBXBuildFile; fileRef = EAB8B8E41C60626A00CCB0E4 /* FDStackView+YUIndex.m */; };
		EAB8B8E81C60628200CCB0E4 /* UIStackView+YUIndex.m in Sources */ = {isa = PBXBuildFile; fileRef = EAB8B8E71C60628200CCB0E4 /* UIStackView+YUIndex.m */; };
		EAB8B8EB1C6062C400CCB0E4 /* UIView+YUSnapshot.m in Sources */ = {isa = PBXBuildFile; fileRef = EAB8B8EA1C6062C400CCB0E4 /* UIView+YUSnapshot.m */; };
/* End PBXBuildFile section */

/* Begin PBXContainerItemProxy section */
		EA2083A91CAB752700434DFF /* PBXContainerItemProxy */ = {
			isa = PBXContainerItemProxy;
			containerPortal = EAB8B8B21C605FB300CCB0E4 /* Project object */;
			proxyType = 1;
			remoteGlobalIDString = EAB8B8B91C605FB300CCB0E4;
			remoteInfo = YUMovingContent;
		};
/* End PBXContainerItemProxy section */

/* Begin PBXFileReference section */
		35884C8EA852A94497F9C444 /* Pods.debug.xcconfig */ = {isa = PBXFileReference; includeInIndex = 1; lastKnownFileType = text.xcconfig; name = Pods.debug.xcconfig; path = "Pods/Target Support Files/Pods/Pods.debug.xcconfig"; sourceTree = "<group>"; };
		3FBCA5C315904C2879ACD1E6 /* Pods.release.xcconfig */ = {isa = PBXFileReference; includeInIndex = 1; lastKnownFileType = text.xcconfig; name = Pods.release.xcconfig; path = "Pods/Target Support Files/Pods/Pods.release.xcconfig"; sourceTree = "<group>"; };
		A889FE228C3E438148EC78DE /* libPods.a */ = {isa = PBXFileReference; explicitFileType = archive.ar; includeInIndex = 0; path = libPods.a; sourceTree = BUILT_PRODUCTS_DIR; };
		EA2083A41CAB752700434DFF /* YUMovingContentOCUITests.xctest */ = {isa = PBXFileReference; explicitFileType = wrapper.cfbundle; includeInIndex = 0; path = YUMovingContentOCUITests.xctest; sourceTree = BUILT_PRODUCTS_DIR; };
		EA2083A61CAB752700434DFF /* YUMovingContentOCUITests.m */ = {isa = PBXFileReference; lastKnownFileType = sourcecode.c.objc; path = YUMovingContentOCUITests.m; sourceTree = "<group>"; };
		EA2083A81CAB752700434DFF /* Info.plist */ = {isa = PBXFileReference; lastKnownFileType = text.plist.xml; path = Info.plist; sourceTree = "<group>"; };
		EA59C18C1CF456D200BA19D1 /* YUViewController.h */ = {isa = PBXFileReference; fileEncoding = 4; lastKnownFileType = sourcecode.c.h; path = YUViewController.h; sourceTree = "<group>"; };
		EA59C18D1CF456D200BA19D1 /* YUViewController.m */ = {isa = PBXFileReference; fileEncoding = 4; lastKnownFileType = sourcecode.c.objc; path = YUViewController.m; sourceTree = "<group>"; };
		EAB8B8BA1C605FB300CCB0E4 /* YUMovingContent.app */ = {isa = PBXFileReference; explicitFileType = wrapper.application; includeInIndex = 0; path = YUMovingContent.app; sourceTree = BUILT_PRODUCTS_DIR; };
		EAB8B8BE1C605FB300CCB0E4 /* main.m */ = {isa = PBXFileReference; lastKnownFileType = sourcecode.c.objc; path = main.m; sourceTree = "<group>"; };
		EAB8B8C01C605FB300CCB0E4 /* AppDelegate.h */ = {isa = PBXFileReference; lastKnownFileType = sourcecode.c.h; path = AppDelegate.h; sourceTree = "<group>"; };
		EAB8B8C11C605FB300CCB0E4 /* AppDelegate.m */ = {isa = PBXFileReference; lastKnownFileType = sourcecode.c.objc; path = AppDelegate.m; sourceTree = "<group>"; };
		EAB8B8C71C605FB300CCB0E4 /* Base */ = {isa = PBXFileReference; lastKnownFileType = file.storyboard; name = Base; path = Base.lproj/Main.storyboard; sourceTree = "<group>"; };
		EAB8B8C91C605FB300CCB0E4 /* Assets.xcassets */ = {isa = PBXFileReference; lastKnownFileType = folder.assetcatalog; path = Assets.xcassets; sourceTree = "<group>"; };
		EAB8B8CC1C605FB300CCB0E4 /* Base */ = {isa = PBXFileReference; lastKnownFileType = file.storyboard; name = Base; path = Base.lproj/LaunchScreen.storyboard; sourceTree = "<group>"; };
		EAB8B8CE1C605FB300CCB0E4 /* Info.plist */ = {isa = PBXFileReference; lastKnownFileType = text.plist.xml; path = Info.plist; sourceTree = "<group>"; };
		EAB8B8E11C60611900CCB0E4 /* GlobalConfig.h */ = {isa = PBXFileReference; lastKnownFileType = sourcecode.c.h; path = GlobalConfig.h; sourceTree = "<group>"; };
		EAB8B8E21C60612100CCB0E4 /* Prefix.pch */ = {isa = PBXFileReference; lastKnownFileType = sourcecode.c.h; path = Prefix.pch; sourceTree = "<group>"; };
		EAB8B8E31C60626A00CCB0E4 /* FDStackView+YUIndex.h */ = {isa = PBXFileReference; fileEncoding = 4; lastKnownFileType = sourcecode.c.h; path = "FDStackView+YUIndex.h"; sourceTree = "<group>"; };
		EAB8B8E41C60626A00CCB0E4 /* FDStackView+YUIndex.m */ = {isa = PBXFileReference; fileEncoding = 4; lastKnownFileType = sourcecode.c.objc; path = "FDStackView+YUIndex.m"; sourceTree = "<group>"; };
		EAB8B8E61C60628200CCB0E4 /* UIStackView+YUIndex.h */ = {isa = PBXFileReference; fileEncoding = 4; lastKnownFileType = sourcecode.c.h; path = "UIStackView+YUIndex.h"; sourceTree = "<group>"; };
		EAB8B8E71C60628200CCB0E4 /* UIStackView+YUIndex.m */ = {isa = PBXFileReference; fileEncoding = 4; lastKnownFileType = sourcecode.c.objc; path = "UIStackView+YUIndex.m"; sourceTree = "<group>"; };
		EAB8B8E91C6062C400CCB0E4 /* UIView+YUSnapshot.h */ = {isa = PBXFileReference; fileEncoding = 4; lastKnownFileType = sourcecode.c.h; path = "UIView+YUSnapshot.h"; sourceTree = "<group>"; };
		EAB8B8EA1C6062C400CCB0E4 /* UIView+YUSnapshot.m */ = {isa = PBXFileReference; fileEncoding = 4; lastKnownFileType = sourcecode.c.objc; path = "UIView+YUSnapshot.m"; sourceTree = "<group>"; };
/* End PBXFileReference section */

/* Begin PBXFrameworksBuildPhase section */
		EA2083A11CAB752700434DFF /* Frameworks */ = {
			isa = PBXFrameworksBuildPhase;
			buildActionMask = 2147483647;
			files = (
			);
			runOnlyForDeploymentPostprocessing = 0;
		};
		EAB8B8B71C605FB300CCB0E4 /* Frameworks */ = {
			isa = PBXFrameworksBuildPhase;
			buildActionMask = 2147483647;
			files = (
				D3F61232B60189817C2DE386 /* libPods.a in Frameworks */,
			);
			runOnlyForDeploymentPostprocessing = 0;
		};
/* End PBXFrameworksBuildPhase section */

/* Begin PBXGroup section */
		467E383AFC89E845DE6875C3 /* Pods */ = {
			isa = PBXGroup;
			children = (
				35884C8EA852A94497F9C444 /* Pods.debug.xcconfig */,
				3FBCA5C315904C2879ACD1E6 /* Pods.release.xcconfig */,
			);
			name = Pods;
			sourceTree = "<group>";
		};
		800CB457F99317AD6A3B57AE /* Frameworks */ = {
			isa = PBXGroup;
			children = (
				A889FE228C3E438148EC78DE /* libPods.a */,
			);
			name = Frameworks;
			sourceTree = "<group>";
		};
		EA2083A51CAB752700434DFF /* YUMovingContentOCUITests */ = {
			isa = PBXGroup;
			children = (
				EA2083A61CAB752700434DFF /* YUMovingContentOCUITests.m */,
				EA2083A81CAB752700434DFF /* Info.plist */,
			);
			path = YUMovingContentOCUITests;
			sourceTree = "<group>";
		};
		EAB8B8B11C605FB300CCB0E4 = {
			isa = PBXGroup;
			children = (
				EAB8B8BC1C605FB300CCB0E4 /* YUMovingContent */,
				EA2083A51CAB752700434DFF /* YUMovingContentOCUITests */,
				EAB8B8BB1C605FB300CCB0E4 /* Products */,
				467E383AFC89E845DE6875C3 /* Pods */,
				800CB457F99317AD6A3B57AE /* Frameworks */,
			);
			sourceTree = "<group>";
		};
		EAB8B8BB1C605FB300CCB0E4 /* Products */ = {
			isa = PBXGroup;
			children = (
				EAB8B8BA1C605FB300CCB0E4 /* YUMovingContent.app */,
				EA2083A41CAB752700434DFF /* YUMovingContentOCUITests.xctest */,
			);
			name = Products;
			sourceTree = "<group>";
		};
		EAB8B8BC1C605FB300CCB0E4 /* YUMovingContent */ = {
			isa = PBXGroup;
			children = (
				EA59C18C1CF456D200BA19D1 /* YUViewController.h */,
				EA59C18D1CF456D200BA19D1 /* YUViewController.m */,
				EAB8B8E01C6060C800CCB0E4 /* Category */,
				EAB8B8C91C605FB300CCB0E4 /* Assets.xcassets */,
				EAB8B8BD1C605FB300CCB0E4 /* Supporting Files */,
			);
			path = YUMovingContent;
			sourceTree = "<group>";
		};
		EAB8B8BD1C605FB300CCB0E4 /* Supporting Files */ = {
			isa = PBXGroup;
			children = (
				EAB8B8C61C605FB300CCB0E4 /* Main.storyboard */,
				EAB8B8CB1C605FB300CCB0E4 /* LaunchScreen.storyboard */,
				EAB8B8C01C605FB300CCB0E4 /* AppDelegate.h */,
				EAB8B8C11C605FB300CCB0E4 /* AppDelegate.m */,
				EAB8B8E21C60612100CCB0E4 /* Prefix.pch */,
				EAB8B8E11C60611900CCB0E4 /* GlobalConfig.h */,
				EAB8B8BE1C605FB300CCB0E4 /* main.m */,
				EAB8B8CE1C605FB300CCB0E4 /* Info.plist */,
			);
			name = "Supporting Files";
			sourceTree = "<group>";
		};
		EAB8B8E01C6060C800CCB0E4 /* Category */ = {
			isa = PBXGroup;
			children = (
				EAB8B8E31C60626A00CCB0E4 /* FDStackView+YUIndex.h */,
				EAB8B8E41C60626A00CCB0E4 /* FDStackView+YUIndex.m */,
				EAB8B8E61C60628200CCB0E4 /* UIStackView+YUIndex.h */,
				EAB8B8E71C60628200CCB0E4 /* UIStackView+YUIndex.m */,
				EAB8B8E91C6062C400CCB0E4 /* UIView+YUSnapshot.h */,
				EAB8B8EA1C6062C400CCB0E4 /* UIView+YUSnapshot.m */,
			);
			name = Category;
			sourceTree = "<group>";
		};
/* End PBXGroup section */

/* Begin PBXNativeTarget section */
		EA2083A31CAB752700434DFF /* YUMovingContentOCUITests */ = {
			isa = PBXNativeTarget;
			buildConfigurationList = EA2083AB1CAB752700434DFF /* Build configuration list for PBXNativeTarget "YUMovingContentOCUITests" */;
			buildPhases = (
				EA2083A01CAB752700434DFF /* Sources */,
				EA2083A11CAB752700434DFF /* Frameworks */,
				EA2083A21CAB752700434DFF /* Resources */,
			);
			buildRules = (
			);
			dependencies = (
				EA2083AA1CAB752700434DFF /* PBXTargetDependency */,
			);
			name = YUMovingContentOCUITests;
			productName = YUMovingContentOCUITests;
			productReference = EA2083A41CAB752700434DFF /* YUMovingContentOCUITests.xctest */;
			productType = "com.apple.product-type.bundle.ui-testing";
		};
		EAB8B8B91C605FB300CCB0E4 /* YUMovingContent */ = {
			isa = PBXNativeTarget;
			buildConfigurationList = EAB8B8D11C605FB300CCB0E4 /* Build configuration list for PBXNativeTarget "YUMovingContent" */;
			buildPhases = (
				F76029E5EFB0928F192CB19F /* Check Pods Manifest.lock */,
				EAB8B8B61C605FB300CCB0E4 /* Sources */,
				EAB8B8B71C605FB300CCB0E4 /* Frameworks */,
				EAB8B8B81C605FB300CCB0E4 /* Resources */,
				E9E77CC93F0266A8E2DA5F71 /* Embed Pods Frameworks */,
				548CF537F6C56FAD4DC34764 /* Copy Pods Resources */,
			);
			buildRules = (
			);
			dependencies = (
			);
			name = YUMovingContent;
			productName = YUMovingContent;
			productReference = EAB8B8BA1C605FB300CCB0E4 /* YUMovingContent.app */;
			productType = "com.apple.product-type.application";
		};
/* End PBXNativeTarget section */

/* Begin PBXProject section */
		EAB8B8B21C605FB300CCB0E4 /* Project object */ = {
			isa = PBXProject;
			attributes = {
				LastSwiftUpdateCheck = 0730;
				LastUpgradeCheck = 0720;
				ORGANIZATIONNAME = nyl;
				TargetAttributes = {
					EA2083A31CAB752700434DFF = {
						CreatedOnToolsVersion = 7.3;
						TestTargetID = EAB8B8B91C605FB300CCB0E4;
					};
					EAB8B8B91C605FB300CCB0E4 = {
						CreatedOnToolsVersion = 7.2;
					};
				};
			};
			buildConfigurationList = EAB8B8B51C605FB300CCB0E4 /* Build configuration list for PBXProject "YUMovingContent" */;
			compatibilityVersion = "Xcode 3.2";
			developmentRegion = English;
			hasScannedForEncodings = 0;
			knownRegions = (
				en,
				Base,
			);
			mainGroup = EAB8B8B11C605FB300CCB0E4;
			productRefGroup = EAB8B8BB1C605FB300CCB0E4 /* Products */;
			projectDirPath = "";
			projectRoot = "";
			targets = (
				EAB8B8B91C605FB300CCB0E4 /* YUMovingContent */,
				EA2083A31CAB752700434DFF /* YUMovingContentOCUITests */,
			);
		};
/* End PBXProject section */

/* Begin PBXResourcesBuildPhase section */
		EA2083A21CAB752700434DFF /* Resources */ = {
			isa = PBXResourcesBuildPhase;
			buildActionMask = 2147483647;
			files = (
			);
			runOnlyForDeploymentPostprocessing = 0;
		};
		EAB8B8B81C605FB300CCB0E4 /* Resources */ = {
			isa = PBXResourcesBuildPhase;
			buildActionMask = 2147483647;
			files = (
				EAB8B8CD1C605FB300CCB0E4 /* LaunchScreen.storyboard in Resources */,
				EAB8B8CA1C605FB300CCB0E4 /* Assets.xcassets in Resources */,
				EAB8B8C81C605FB300CCB0E4 /* Main.storyboard in Resources */,
			);
			runOnlyForDeploymentPostprocessing = 0;
		};
/* End PBXResourcesBuildPhase section */

/* Begin PBXShellScriptBuildPhase section */
		548CF537F6C56FAD4DC34764 /* Copy Pods Resources */ = {
			isa = PBXShellScriptBuildPhase;
			buildActionMask = 2147483647;
			files = (
			);
			inputPaths = (
			);
			name = "Copy Pods Resources";
			outputPaths = (
			);
			runOnlyForDeploymentPostprocessing = 0;
			shellPath = /bin/sh;
			shellScript = "\"${SRCROOT}/Pods/Target Support Files/Pods/Pods-resources.sh\"\n";
			showEnvVarsInLog = 0;
		};
		E9E77CC93F0266A8E2DA5F71 /* Embed Pods Frameworks */ = {
			isa = PBXShellScriptBuildPhase;
			buildActionMask = 2147483647;
			files = (
			);
			inputPaths = (
			);
			name = "Embed Pods Frameworks";
			outputPaths = (
			);
			runOnlyForDeploymentPostprocessing = 0;
			shellPath = /bin/sh;
			shellScript = "\"${SRCROOT}/Pods/Target Support Files/Pods/Pods-frameworks.sh\"\n";
			showEnvVarsInLog = 0;
		};
		F76029E5EFB0928F192CB19F /* Check Pods Manifest.lock */ = {
			isa = PBXShellScriptBuildPhase;
			buildActionMask = 2147483647;
			files = (
			);
			inputPaths = (
			);
			name = "Check Pods Manifest.lock";
			outputPaths = (
			);
			runOnlyForDeploymentPostprocessing = 0;
			shellPath = /bin/sh;
			shellScript = "diff \"${PODS_ROOT}/../Podfile.lock\" \"${PODS_ROOT}/Manifest.lock\" > /dev/null\nif [[ $? != 0 ]] ; then\n    cat << EOM\nerror: The sandbox is not in sync with the Podfile.lock. Run 'pod install' or update your CocoaPods installation.\nEOM\n    exit 1\nfi\n";
			showEnvVarsInLog = 0;
		};
/* End PBXShellScriptBuildPhase section */

/* Begin PBXSourcesBuildPhase section */
		EA2083A01CAB752700434DFF /* Sources */ = {
			isa = PBXSourcesBuildPhase;
			buildActionMask = 2147483647;
			files = (
				EA2083A71CAB752700434DFF /* YUMovingContentOCUITests.m in Sources */,
			);
			runOnlyForDeploymentPostprocessing = 0;
		};
		EAB8B8B61C605FB300CCB0E4 /* Sources */ = {
			isa = PBXSourcesBuildPhase;
			buildActionMask = 2147483647;
			files = (
				EA59C18E1CF456D200BA19D1 /* YUViewController.m in Sources */,
				EAB8B8E81C60628200CCB0E4 /* UIStackView+YUIndex.m in Sources */,
				EAB8B8E51C60626A00CCB0E4 /* FDStackView+YUIndex.m in Sources */,
				EAB8B8EB1C6062C400CCB0E4 /* UIView+YUSnapshot.m in Sources */,
				EAB8B8C21C605FB300CCB0E4 /* AppDelegate.m in Sources */,
				EAB8B8BF1C605FB300CCB0E4 /* main.m in Sources */,
			);
			runOnlyForDeploymentPostprocessing = 0;
		};
/* End PBXSourcesBuildPhase section */

/* Begin PBXTargetDependency section */
		EA2083AA1CAB752700434DFF /* PBXTargetDependency */ = {
			isa = PBXTargetDependency;
			target = EAB8B8B91C605FB300CCB0E4 /* YUMovingContent */;
			targetProxy = EA2083A91CAB752700434DFF /* PBXContainerItemProxy */;
		};
/* End PBXTargetDependency section */

/* Begin PBXVariantGroup section */
		EAB8B8C61C605FB300CCB0E4 /* Main.storyboard */ = {
			isa = PBXVariantGroup;
			children = (
				EAB8B8C71C605FB300CCB0E4 /* Base */,
			);
			name = Main.storyboard;
			sourceTree = "<group>";
		};
		EAB8B8CB1C605FB300CCB0E4 /* LaunchScreen.storyboard */ = {
			isa = PBXVariantGroup;
			children = (
				EAB8B8CC1C605FB300CCB0E4 /* Base */,
			);
			name = LaunchScreen.storyboard;
			sourceTree = "<group>";
		};
/* End PBXVariantGroup section */

/* Begin XCBuildConfiguration section */
		EA2083AC1CAB752700434DFF /* Debug */ = {
			isa = XCBuildConfiguration;
			buildSettings = {
				CLANG_ANALYZER_NONNULL = YES;
				INFOPLIST_FILE = YUMovingContentOCUITests/Info.plist;
				IPHONEOS_DEPLOYMENT_TARGET = 9.3;
				LD_RUNPATH_SEARCH_PATHS = "$(inherited) @executable_path/Frameworks @loader_path/Frameworks";
				PRODUCT_BUNDLE_IDENTIFIER = nyl.YUMovingContentOCUITests;
				PRODUCT_NAME = "$(TARGET_NAME)";
				TEST_TARGET_NAME = YUMovingContent;
			};
			name = Debug;
		};
		EA2083AD1CAB752700434DFF /* Release */ = {
			isa = XCBuildConfiguration;
			buildSettings = {
				CLANG_ANALYZER_NONNULL = YES;
				INFOPLIST_FILE = YUMovingContentOCUITests/Info.plist;
				IPHONEOS_DEPLOYMENT_TARGET = 9.3;
				LD_RUNPATH_SEARCH_PATHS = "$(inherited) @executable_path/Frameworks @loader_path/Frameworks";
				PRODUCT_BUNDLE_IDENTIFIER = nyl.YUMovingContentOCUITests;
				PRODUCT_NAME = "$(TARGET_NAME)";
				TEST_TARGET_NAME = YUMovingContent;
			};
			name = Release;
		};
		EAB8B8CF1C605FB300CCB0E4 /* Debug */ = {
			isa = XCBuildConfiguration;
			buildSettings = {
				ALWAYS_SEARCH_USER_PATHS = NO;
				CLANG_CXX_LANGUAGE_STANDARD = "gnu++0x";
				CLANG_CXX_LIBRARY = "libc++";
				CLANG_ENABLE_MODULES = YES;
				CLANG_ENABLE_OBJC_ARC = YES;
				CLANG_WARN_BOOL_CONVERSION = YES;
				CLANG_WARN_CONSTANT_CONVERSION = YES;
				CLANG_WARN_DIRECT_OBJC_ISA_USAGE = YES_ERROR;
				CLANG_WARN_EMPTY_BODY = YES;
				CLANG_WARN_ENUM_CONVERSION = YES;
				CLANG_WARN_INT_CONVERSION = YES;
				CLANG_WARN_OBJC_ROOT_CLASS = YES_ERROR;
				CLANG_WARN_UNREACHABLE_CODE = YES;
				CLANG_WARN__DUPLICATE_METHOD_MATCH = YES;
				"CODE_SIGN_IDENTITY[sdk=iphoneos*]" = "iPhone Developer";
				COPY_PHASE_STRIP = NO;
				DEBUG_INFORMATION_FORMAT = dwarf;
				ENABLE_STRICT_OBJC_MSGSEND = YES;
				ENABLE_TESTABILITY = YES;
				GCC_C_LANGUAGE_STANDARD = gnu99;
				GCC_DYNAMIC_NO_PIC = NO;
				GCC_NO_COMMON_BLOCKS = YES;
				GCC_OPTIMIZATION_LEVEL = 0;
				GCC_PREPROCESSOR_DEFINITIONS = (
					"DEBUG=1",
					"$(inherited)",
				);
				GCC_WARN_64_TO_32_BIT_CONVERSION = YES;
				GCC_WARN_ABOUT_RETURN_TYPE = YES_ERROR;
				GCC_WARN_UNDECLARED_SELECTOR = YES;
				GCC_WARN_UNINITIALIZED_AUTOS = YES_AGGRESSIVE;
				GCC_WARN_UNUSED_FUNCTION = YES;
				GCC_WARN_UNUSED_VARIABLE = YES;
				IPHONEOS_DEPLOYMENT_TARGET = 9.2;
				MTL_ENABLE_DEBUG_INFO = YES;
				ONLY_ACTIVE_ARCH = YES;
				SDKROOT = iphoneos;
			};
			name = Debug;
		};
		EAB8B8D01C605FB300CCB0E4 /* Release */ = {
			isa = XCBuildConfiguration;
			buildSettings = {
				ALWAYS_SEARCH_USER_PATHS = NO;
				CLANG_CXX_LANGUAGE_STANDARD = "gnu++0x";
				CLANG_CXX_LIBRARY = "libc++";
				CLANG_ENABLE_MODULES = YES;
				CLANG_ENABLE_OBJC_ARC = YES;
				CLANG_WARN_BOOL_CONVERSION = YES;
				CLANG_WARN_CONSTANT_CONVERSION = YES;
				CLANG_WARN_DIRECT_OBJC_ISA_USAGE = YES_ERROR;
				CLANG_WARN_EMPTY_BODY = YES;
				CLANG_WARN_ENUM_CONVERSION = YES;
				CLANG_WARN_INT_CONVERSION = YES;
				CLANG_WARN_OBJC_ROOT_CLASS = YES_ERROR;
				CLANG_WARN_UNREACHABLE_CODE = YES;
				CLANG_WARN__DUPLICATE_METHOD_MATCH = YES;
				"CODE_SIGN_IDENTITY[sdk=iphoneos*]" = "iPhone Developer";
				COPY_PHASE_STRIP = NO;
				DEBUG_INFORMATION_FORMAT = "dwarf-with-dsym";
				ENABLE_NS_ASSERTIONS = NO;
				ENABLE_STRICT_OBJC_MSGSEND = YES;
				GCC_C_LANGUAGE_STANDARD = gnu99;
				GCC_NO_COMMON_BLOCKS = YES;
				GCC_WARN_64_TO_32_BIT_CONVERSION = YES;
				GCC_WARN_ABOUT_RETURN_TYPE = YES_ERROR;
				GCC_WARN_UNDECLARED_SELECTOR = YES;
				GCC_WARN_UNINITIALIZED_AUTOS = YES_AGGRESSIVE;
				GCC_WARN_UNUSED_FUNCTION = YES;
				GCC_WARN_UNUSED_VARIABLE = YES;
				IPHONEOS_DEPLOYMENT_TARGET = 9.2;
				MTL_ENABLE_DEBUG_INFO = NO;
				SDKROOT = iphoneos;
				VALIDATE_PRODUCT = YES;
			};
			name = Release;
		};
		EAB8B8D21C605FB300CCB0E4 /* Debug */ = {
			isa = XCBuildConfiguration;
			baseConfigurationReference = 35884C8EA852A94497F9C444 /* Pods.debug.xcconfig */;
			buildSettings = {
				ASSETCATALOG_COMPILER_APPICON_NAME = AppIcon;
				GCC_PREFIX_HEADER = YUMovingContent/Prefix.pch;
				INFOPLIST_FILE = YUMovingContent/Info.plist;
				IPHONEOS_DEPLOYMENT_TARGET = 7.0;
				LD_RUNPATH_SEARCH_PATHS = "$(inherited) @executable_path/Frameworks";
				OTHER_LDFLAGS = (
					"$(inherited)",
					"-ObjC",
					"-l\"FDStackView\"",
					"-l\"Masonry\"",
					"-framework",
					"\"Foundation\"",
					"-framework",
					"\"UIKit\"",
					"-lc++",
				);
				PRODUCT_BUNDLE_IDENTIFIER = nyl.YUMovingContent;
				PRODUCT_NAME = "$(TARGET_NAME)";
			};
			name = Debug;
		};
		EAB8B8D31C605FB300CCB0E4 /* Release */ = {
			isa = XCBuildConfiguration;
			baseConfigurationReference = 3FBCA5C315904C2879ACD1E6 /* Pods.release.xcconfig */;
			buildSettings = {
				ASSETCATALOG_COMPILER_APPICON_NAME = AppIcon;
				GCC_PREFIX_HEADER = YUMovingContent/Prefix.pch;
				INFOPLIST_FILE = YUMovingContent/Info.plist;
				IPHONEOS_DEPLOYMENT_TARGET = 7.0;
				LD_RUNPATH_SEARCH_PATHS = "$(inherited) @executable_path/Frameworks";
				OTHER_LDFLAGS = (
					"$(inherited)",
					"-ObjC",
					"-l\"FDStackView\"",
					"-l\"Masonry\"",
					"-framework",
					"\"Foundation\"",
					"-framework",
					"\"UIKit\"",
					"-lc++",
				);
				PRODUCT_BUNDLE_IDENTIFIER = nyl.YUMovingContent;
				PRODUCT_NAME = "$(TARGET_NAME)";
			};
			name = Release;
		};
/* End XCBuildConfiguration section */

/* Begin XCConfigurationList section */
		EA2083AB1CAB752700434DFF /* Build configuration list for PBXNativeTarget "YUMovingContentOCUITests" */ = {
			isa = XCConfigurationList;
			buildConfigurations = (
				EA2083AC1CAB752700434DFF /* Debug */,
				EA2083AD1CAB752700434DFF /* Release */,
			);
			defaultConfigurationIsVisible = 0;
			defaultConfigurationName = Release;
		};
		EAB8B8B51C605FB300CCB0E4 /* Build configuration list for PBXProject "YUMovingContent" */ = {
			isa = XCConfigurationList;
			buildConfigurations = (
				EAB8B8CF1C605FB300CCB0E4 /* Debug */,
				EAB8B8D01C605FB300CCB0E4 /* Release */,
			);
			defaultConfigurationIsVisible = 0;
			defaultConfigurationName = Release;
		};
		EAB8B8D11C605FB300CCB0E4 /* Build configuration list for PBXNativeTarget "YUMovingContent" */ = {
			isa = XCConfigurationList;
			buildConfigurations = (
				EAB8B8D21C605FB300CCB0E4 /* Debug */,
				EAB8B8D31C605FB300CCB0E4 /* Release */,
			);
			defaultConfigurationIsVisible = 0;
			defaultConfigurationName = Release;
		};
/* End XCConfigurationList section */
	};
	rootObject = EAB8B8B21C605FB300CCB0E4 /* Project object */;
}
